{
  "lockfile_version": "1",
  "packages": {
    "github:NixOS/nixpkgs/nixpkgs-unstable": {
      "last_modified": "2026-07-04T17:57:37Z",
      "resolved": "github:NixOS/nixpkgs/19a8a1e6d8b7315b6fd84e5a51977ce6f69d5a5b?lastModified=1783187857"
    },
    "nodejs@22": {
      "last_modified": "2026-06-27T07:37:20Z",
      "plugin_version": "0.0.4",
      "resolved": "github:NixOS/nixpkgs/3d46470bb3030020f7e1361f33514854f5bfa86d#nodejs_22",
      "source": "devbox-search",
      "version": "22.23.1",
      "systems": {
        "aarch64-darwin": {
          "outputs": [
            {
              "name": "out",
              "path": "/nix/store/smz0kkakhq96h1ipimiab6cf1yw4nn7n-nodejs-22.23.1",
              "default": true
            }
          ],
          "store_path": "/nix/store/smz0kkakhq96h1ipimiab6cf1yw4nn7n-nodejs-22.23.1"
        },
        "aarch64-linux": {
          "outputs": [
            {
              "name": "out",
              "path": "/nix/store/26r12fb2ywx1q5f9paf1sjibsajz1q99-nodejs-22.23.1",
              "default": true
            }
          ],
          "store_path": "/nix/store/26r12fb2ywx1q5f9paf1sjibsajz1q99-nodejs-22.23.1"
        },
        "x86_64-darwin": {
          "outputs": [
            {
              "name": "out",
              "path": "/nix/store/l1yfdvdrz1vl6f3wsyjglxgsk6r29rkn-nodejs-22.23.1",
              "default": true
            }
          ],
          "store_path": "/nix/store/l1yfdvdrz1vl6f3wsyjglxgsk6r29rkn-nodejs-22.23.1"
        },
        "x86_64-linux": {
          "outputs": [
            {
              "name": "out",
              "path": "/nix/store/znxrv89969njb8fxyyn8rz4ygmmcjpw9-nodejs-22.23.1",
              "default": true
            }
          ],
          "store_path": "/nix/store/znxrv89969njb8fxyyn8rz4ygmmcjpw9-nodejs-22.23.1"
        }
      }
    },
    "process-compose@1.110.0": {
      "last_modified": "2026-05-21T08:15:18Z",
      "resolved": "github:NixOS/nixpkgs/4a29d733e8a7d5b824c3d8c958a946a9867b3eb2#process-compose",
      "source": "devbox-search",
      "version": "1.110.0",
      "systems": {
        "aarch64-darwin": {
          "outputs": [
            {
              "name": "out",
              "path": "/nix/store/1r7ja1b1xpgsvz8hhd7kydi9v125larm-process-compose-1.110.0",
              "default": true
            }
          ],
          "store_path": "/nix/store/1r7ja1b1xpgsvz8hhd7kydi9v125larm-process-compose-1.110.0"
        },
        "aarch64-linux": {
          "outputs": [
            {
              "name": "out",
              "path": "/nix/store/bfclwllhqqkgpd9w6x8kzwnl4khkdbrx-process-compose-1.110.0",
              "default": true
            }
          ],
          "store_path": "/nix/store/bfclwllhqqkgpd9w6x8kzwnl4khkdbrx-process-compose-1.110.0"
        },
        "x86_64-darwin": {
          "outputs": [
            {
              "name": "out",
              "path": "/nix/store/hccy2jha17vy4z75dgsk0gxkivhzq36q-process-compose-1.110.0",
              "default": true
            }
          ],
          "store_path": "/nix/store/hccy2jha17vy4z75dgsk0gxkivhzq36q-process-compose-1.110.0"
        },
        "x86_64-linux": {
          "outputs": [
            {
              "name": "out",
              "path": "/nix/store/s0qhp6yri5zd2jq8infpll23lkvbgylc-process-compose-1.110.0",
              "default": true
            }
          ],
          "store_path": "/nix/store/s0qhp6yri5zd2jq8infpll23lkvbgylc-process-compose-1.110.0"
        }
      }
    },
    "uv@latest": {
      "last_modified": "2026-06-28T17:12:19Z",
      "resolved": "github:NixOS/nixpkgs/534ee3d8beb1737b5342995f8837e2b2705ce0d8#uv",
      "source": "devbox-search",
      "version": "0.11.25",
      "systems": {
        "aarch64-darwin": {
          "outputs": [
            {
              "name": "out",
              "path": "/nix/store/f0kyi2i8xrfx7i405n5qy97kr0y5b2wv-uv-0.11.25",
              "default": true
            }
          ],
          "store_path": "/nix/store/f0kyi2i8xrfx7i405n5qy97kr0y5b2wv-uv-0.11.25"
        },
        "aarch64-linux": {
          "outputs": [
            {
              "name": "out",
              "path": "/nix/store/8qd81vygrwkvp8ndg3ihj9wq3pl97hfd-uv-0.11.25",
              "default": true
            }
          ],
          "store_path": "/nix/store/8qd81vygrwkvp8ndg3ihj9wq3pl97hfd-uv-0.11.25"
        },
        "x86_64-darwin": {
          "outputs": [
            {
              "name": "out",
              "path": "/nix/store/z4dcs3l0khfc2hky62bhy6v45lmysdvz-uv-0.11.25",
              "default": true
            }
          ],
          "store_path": "/nix/store/z4dcs3l0khfc2hky62bhy6v45lmysdvz-uv-0.11.25"
        },
        "x86_64-linux": {
          "outputs": [
            {
              "name": "out",
              "path": "/nix/store/cgvijxnmydknslkl368k4j4j43akvl8b-uv-0.11.25",
              "default": true
            }
          ],
          "store_path": "/nix/store/cgvijxnmydknslkl368k4j4j43akvl8b-uv-0.11.25"
        }
      }
    }
  }
}
